<?xml version="1.0" encoding="utf-8"?>
<Project ToolsVersion="4.0" xmlns="http://schemas.microsoft.com/developer/msbuild/2003">
  <ItemGroup>
    <Filter Include="Rosewood">
      <UniqueIdentifier>{F7E4F19C-E3B1-4CA8-0CCB-3A50F8F68136}</UniqueIdentifier>
    </Filter>
    <Filter Include="Rosewood\Event">
      <UniqueIdentifier>{88030364-74D1-F669-5D65-679049D2D2CE}</UniqueIdentifier>
    </Filter>
    <Filter Include="Rosewood\Layer">
      <UniqueIdentifier>{037F7664-EF4C-6A6A-D8E0-DA90C44D46CF}</UniqueIdentifier>
    </Filter>
    <Filter Include="Rosewood\Log">
      <UniqueIdentifier>{48A0D4DC-3403-6481-DD88-9C37C9CA2F04}</UniqueIdentifier>
    </Filter>
    <Filter Include="Rosewood\Window">
      <UniqueIdentifier>{FED5790D-6A61-E7D1-7372-6AC6DF7C43D2}</UniqueIdentifier>
    </Filter>
  </ItemGroup>
  <ItemGroup>
    <ClInclude Include="src\Rosewood.h" />
    <ClInclude Include="src\Rosewood\Application.h">
      <Filter>Rosewood</Filter>
    </ClInclude>
    <ClInclude Include="src\Rosewood\Core.h">
      <Filter>Rosewood</Filter>
    </ClInclude>
    <ClInclude Include="src\Rosewood\Entrypoint.h">
      <Filter>Rosewood</Filter>
    </ClInclude>
    <ClInclude Include="src\Rosewood\Event\ApplicationEvent.h">
      <Filter>Rosewood\Event</Filter>
    </ClInclude>
    <ClInclude Include="src\Rosewood\Event\Event.h">
      <Filter>Rosewood\Event</Filter>
    </ClInclude>
    <ClInclude Include="src\Rosewood\Event\KeyEvent.h">
      <Filter>Rosewood\Event</Filter>
    </ClInclude>
    <ClInclude Include="src\Rosewood\Event\MouseEvent.h">
      <Filter>Rosewood\Event</Filter>
    </ClInclude>
    <ClInclude Include="src\Rosewood\Layer\Layer.h">
      <Filter>Rosewood\Layer</Filter>
    </ClInclude>
    <ClInclude Include="src\Rosewood\Layer\LayerStack.h">
      <Filter>Rosewood\Layer</Filter>
    </ClInclude>
    <ClInclude Include="src\Rosewood\Log\Log.h">
      <Filter>Rosewood\Log</Filter>
    </ClInclude>
    <ClInclude Include="src\Rosewood\Window\Window.h">
      <Filter>Rosewood\Window</Filter>
    </ClInclude>
    <ClInclude Include="src\Rosewood\Window\WindowsWindow.h">
      <Filter>Rosewood\Window</Filter>
    </ClInclude>
    <ClInclude Include="src\rwpch.h" />
  </ItemGroup>
  <ItemGroup>
    <ClCompile Include="src\Rosewood\Application.cpp">
      <Filter>Rosewood</Filter>
    </ClCompile>
    <ClCompile Include="src\Rosewood\Layer\Layer.cpp">
      <Filter>Rosewood\Layer</Filter>
    </ClCompile>
    <ClCompile Include="src\Rosewood\Layer\LayerStack.cpp">
      <Filter>Rosewood\Layer</Filter>
    </ClCompile>
    <ClCompile Include="src\Rosewood\Log\Log.cpp">
      <Filter>Rosewood\Log</Filter>
    </ClCompile>
    <ClCompile Include="src\Rosewood\Window\WindowsWindow.cpp">
      <Filter>Rosewood\Window</Filter>
    </ClCompile>
    <ClCompile Include="src\rwpch.cpp" />
  </ItemGroup>
</Project>