<?xml version="1.0" encoding="utf-8"?>
<Project ToolsVersion="4.0" xmlns="http://schemas.microsoft.com/developer/msbuild/2003">
  <ItemGroup>
    <Filter Include="src">
      <UniqueIdentifier>{2DAB880B-99B4-887C-2230-9F7C8E38947C}</UniqueIdentifier>
    </Filter>
    <Filter Include="src\Rosewood">
      <UniqueIdentifier>{EEE76BCD-DA4A-FB71-83D0-33286F12C7F4}</UniqueIdentifier>
    </Filter>
    <Filter Include="src\Rosewood\Event">
      <UniqueIdentifier>{BF23E7C1-AB07-A817-1468-A26A006B9299}</UniqueIdentifier>
    </Filter>
    <Filter Include="src\Rosewood\ImGui">
      <UniqueIdentifier>{98172AC2-84FB-EA17-ED5B-E56AD95ED599}</UniqueIdentifier>
    </Filter>
    <Filter Include="src\Rosewood\ImGui\backends">
      <UniqueIdentifier>{C29C4F18-2EAA-7DFE-B790-79E9239D49B5}</UniqueIdentifier>
    </Filter>
    <Filter Include="src\Rosewood\Input">
      <UniqueIdentifier>{6D522BC2-5936-EC17-C296-E66AAE99D699}</UniqueIdentifier>
    </Filter>
    <Filter Include="src\Rosewood\Layer">
      <UniqueIdentifier>{3A9F5AC2-2683-1B18-8FE3-156B7BE6059A}</UniqueIdentifier>
    </Filter>
    <Filter Include="src\Rosewood\Log">
      <UniqueIdentifier>{BF46F5EF-AB3F-1442-D471-F9C6C0C9F34D}</UniqueIdentifier>
    </Filter>
    <Filter Include="src\Rosewood\Renderer">
      <UniqueIdentifier>{54F71DD7-C063-D9D1-8957-712FF582FB39}</UniqueIdentifier>
    </Filter>
    <Filter Include="src\Rosewood\Renderer\Buffer">
      <UniqueIdentifier>{BD72E0E2-A92D-D08E-52E5-48D93E7F1A1F}</UniqueIdentifier>
    </Filter>
    <Filter Include="src\Rosewood\Renderer\Camera">
      <UniqueIdentifier>{4C85CFE3-3840-BF8F-E1F7-37DACD910920}</UniqueIdentifier>
    </Filter>
    <Filter Include="src\Rosewood\Renderer\Context">
      <UniqueIdentifier>{E885827E-549E-69A8-1D4B-F9418922FE41}</UniqueIdentifier>
    </Filter>
    <Filter Include="src\Rosewood\Renderer\Lighting">
      <UniqueIdentifier>{590921BE-452F-EB24-2E75-70F01A3A10F1}</UniqueIdentifier>
    </Filter>
    <Filter Include="src\Rosewood\Renderer\Mesh">
      <UniqueIdentifier>{9021E0C2-7C31-8C93-E5EA-F0B1D1197B2C}</UniqueIdentifier>
    </Filter>
    <Filter Include="src\Rosewood\Renderer\Shader">
      <UniqueIdentifier>{7A209A09-66DB-89B5-0F93-0200FB2CD445}</UniqueIdentifier>
    </Filter>
    <Filter Include="src\Rosewood\Renderer\Texture">
      <UniqueIdentifier>{B4308284-2049-69AE-E9F5-F84755CDFD47}</UniqueIdentifier>
    </Filter>
    <Filter Include="src\Rosewood\Renderer\VertexArray">
      <UniqueIdentifier>{E059B2F2-4CC8-0772-95B1-C271015FFD0D}</UniqueIdentifier>
    </Filter>
    <Filter Include="src\Rosewood\Scene">
      <UniqueIdentifier>{8B0FDAC2-77F3-9A18-E053-956BCC56859A}</UniqueIdentifier>
    </Filter>
    <Filter Include="src\Rosewood\Scene\Transform">
      <UniqueIdentifier>{161129D3-02CC-187F-AB83-91C9971D630F}</UniqueIdentifier>
    </Filter>
    <Filter Include="src\Rosewood\Window">
      <UniqueIdentifier>{15FDE127-815E-BF35-0ACC-05E8762CF6F4}</UniqueIdentifier>
    </Filter>
    <Filter Include="vendor">
      <UniqueIdentifier>{B3738122-9F15-ACF8-88D0-BF4C74113349}</UniqueIdentifier>
    </Filter>
    <Filter Include="vendor\stb_image">
      <UniqueIdentifier>{0DA0BA59-F998-D9AB-22CB-BE300E23B9B7}</UniqueIdentifier>
    </Filter>
  </ItemGroup>
  <ItemGroup>
    <ClInclude Include="src\Rosewood.h">
      <Filter>src</Filter>
    </ClInclude>
    <ClInclude Include="src\Rosewood\Application.h">
      <Filter>src\Rosewood</Filter>
    </ClInclude>
    <ClInclude Include="src\Rosewood\Core.h">
      <Filter>src\Rosewood</Filter>
    </ClInclude>
    <ClInclude Include="src\Rosewood\Entrypoint.h">
      <Filter>src\Rosewood</Filter>
    </ClInclude>
    <ClInclude Include="src\Rosewood\Event\ApplicationEvent.h">
      <Filter>src\Rosewood\Event</Filter>
    </ClInclude>
    <ClInclude Include="src\Rosewood\Event\Event.h">
      <Filter>src\Rosewood\Event</Filter>
    </ClInclude>
    <ClInclude Include="src\Rosewood\Event\KeyEvent.h">
      <Filter>src\Rosewood\Event</Filter>
    </ClInclude>
    <ClInclude Include="src\Rosewood\Event\MouseEvent.h">
      <Filter>src\Rosewood\Event</Filter>
    </ClInclude>
    <ClInclude Include="src\Rosewood\ImGui\ImGuiLayer.h">
      <Filter>src\Rosewood\ImGui</Filter>
    </ClInclude>
    <ClInclude Include="src\Rosewood\ImGui\backends\imgui_impl_opengl3.h">
      <Filter>src\Rosewood\ImGui\backends</Filter>
    </ClInclude>
    <ClInclude Include="src\Rosewood\Input\Input.h">
      <Filter>src\Rosewood\Input</Filter>
    </ClInclude>
    <ClInclude Include="src\Rosewood\Input\KeyCodes.h">
      <Filter>src\Rosewood\Input</Filter>
    </ClInclude>
    <ClInclude Include="src\Rosewood\Input\MouseButtonCodes.h">
      <Filter>src\Rosewood\Input</Filter>
    </ClInclude>
    <ClInclude Include="src\Rosewood\Input\WindowsInput.h">
      <Filter>src\Rosewood\Input</Filter>
    </ClInclude>
    <ClInclude Include="src\Rosewood\Layer\Layer.h">
      <Filter>src\Rosewood\Layer</Filter>
    </ClInclude>
    <ClInclude Include="src\Rosewood\Layer\LayerStack.h">
      <Filter>src\Rosewood\Layer</Filter>
    </ClInclude>
    <ClInclude Include="src\Rosewood\Log\Log.h">
      <Filter>src\Rosewood\Log</Filter>
    </ClInclude>
    <ClInclude Include="src\Rosewood\Renderer\Buffer\Buffer.h">
      <Filter>src\Rosewood\Renderer\Buffer</Filter>
    </ClInclude>
    <ClInclude Include="src\Rosewood\Renderer\Buffer\OpenGLBuffer.h">
      <Filter>src\Rosewood\Renderer\Buffer</Filter>
    </ClInclude>
    <ClInclude Include="src\Rosewood\Renderer\Camera\Camera.h">
      <Filter>src\Rosewood\Renderer\Camera</Filter>
    </ClInclude>
    <ClInclude Include="src\Rosewood\Renderer\Camera\OrthographicCamera.h">
      <Filter>src\Rosewood\Renderer\Camera</Filter>
    </ClInclude>
    <ClInclude Include="src\Rosewood\Renderer\Camera\PerspectiveCamera.h">
      <Filter>src\Rosewood\Renderer\Camera</Filter>
    </ClInclude>
    <ClInclude Include="src\Rosewood\Renderer\Context\GraphicsContext.h">
      <Filter>src\Rosewood\Renderer\Context</Filter>
    </ClInclude>
    <ClInclude Include="src\Rosewood\Renderer\Context\OpenGLContext.h">
      <Filter>src\Rosewood\Renderer\Context</Filter>
    </ClInclude>
    <ClInclude Include="src\Rosewood\Renderer\Lighting\Light.h">
      <Filter>src\Rosewood\Renderer\Lighting</Filter>
    </ClInclude>
    <ClInclude Include="src\Rosewood\Renderer\Mesh\Mesh.h">
      <Filter>src\Rosewood\Renderer\Mesh</Filter>
    </ClInclude>
    <ClInclude Include="src\Rosewood\Renderer\OpenGLRendererAPI.h">
      <Filter>src\Rosewood\Renderer</Filter>
    </ClInclude>
    <ClInclude Include="src\Rosewood\Renderer\RenderCommand.h">
      <Filter>src\Rosewood\Renderer</Filter>
    </ClInclude>
    <ClInclude Include="src\Rosewood\Renderer\Renderer.h">
      <Filter>src\Rosewood\Renderer</Filter>
    </ClInclude>
    <ClInclude Include="src\Rosewood\Renderer\RendererAPI.h">
      <Filter>src\Rosewood\Renderer</Filter>
    </ClInclude>
    <ClInclude Include="src\Rosewood\Renderer\Shader\OpenGLShader.h">
      <Filter>src\Rosewood\Renderer\Shader</Filter>
    </ClInclude>
    <ClInclude Include="src\Rosewood\Renderer\Shader\Shader.h">
      <Filter>src\Rosewood\Renderer\Shader</Filter>
    </ClInclude>
    <ClInclude Include="src\Rosewood\Renderer\Texture\OpenGLTexture.h">
      <Filter>src\Rosewood\Renderer\Texture</Filter>
    </ClInclude>
    <ClInclude Include="src\Rosewood\Renderer\Texture\Texture.h">
      <Filter>src\Rosewood\Renderer\Texture</Filter>
    </ClInclude>
    <ClInclude Include="src\Rosewood\Renderer\VertexArray\OpenGLVertexArray.h">
      <Filter>src\Rosewood\Renderer\VertexArray</Filter>
    </ClInclude>
    <ClInclude Include="src\Rosewood\Renderer\VertexArray\VertexArray.h">
      <Filter>src\Rosewood\Renderer\VertexArray</Filter>
    </ClInclude>
    <ClInclude Include="src\Rosewood\Scene\Transform\Transform.h">
      <Filter>src\Rosewood\Scene\Transform</Filter>
    </ClInclude>
    <ClInclude Include="src\Rosewood\Window\Window.h">
      <Filter>src\Rosewood\Window</Filter>
    </ClInclude>
    <ClInclude Include="src\Rosewood\Window\WindowsWindow.h">
      <Filter>src\Rosewood\Window</Filter>
    </ClInclude>
    <ClInclude Include="src\rwpch.h">
      <Filter>src</Filter>
    </ClInclude>
    <ClInclude Include="vendor\stb_image\stb_image.h">
      <Filter>vendor\stb_image</Filter>
    </ClInclude>
    <ClInclude Include="src\Rosewood\Scene\Components.h" />
    <ClInclude Include="src\Rosewood\Renderer\Batch\Batch.h" />
    <ClInclude Include="src\Rosewood\Scene\Scene.h" />
    <ClInclude Include="src\Rosewood\Renderer\Material\Material.h" />
  </ItemGroup>
  <ItemGroup>
    <ClCompile Include="src\Rosewood\Application.cpp">
      <Filter>src\Rosewood</Filter>
    </ClCompile>
    <ClCompile Include="src\Rosewood\ImGui\ImGuiLayer.cpp">
      <Filter>src\Rosewood\ImGui</Filter>
    </ClCompile>
    <ClCompile Include="src\Rosewood\ImGui\backends\imgui_impl_opengl3.cpp">
      <Filter>src\Rosewood\ImGui\backends</Filter>
    </ClCompile>
    <ClCompile Include="src\Rosewood\Input\WindowsInput.cpp">
      <Filter>src\Rosewood\Input</Filter>
    </ClCompile>
    <ClCompile Include="src\Rosewood\Layer\Layer.cpp">
      <Filter>src\Rosewood\Layer</Filter>
    </ClCompile>
    <ClCompile Include="src\Rosewood\Layer\LayerStack.cpp">
      <Filter>src\Rosewood\Layer</Filter>
    </ClCompile>
    <ClCompile Include="src\Rosewood\Log\Log.cpp">
      <Filter>src\Rosewood\Log</Filter>
    </ClCompile>
    <ClCompile Include="src\Rosewood\Renderer\Buffer\Buffer.cpp">
      <Filter>src\Rosewood\Renderer\Buffer</Filter>
    </ClCompile>
    <ClCompile Include="src\Rosewood\Renderer\Buffer\OpenGLBuffer.cpp">
      <Filter>src\Rosewood\Renderer\Buffer</Filter>
    </ClCompile>
    <ClCompile Include="src\Rosewood\Renderer\Camera\OrthographicCamera.cpp">
      <Filter>src\Rosewood\Renderer\Camera</Filter>
    </ClCompile>
    <ClCompile Include="src\Rosewood\Renderer\Camera\PerspectiveCamera.cpp">
      <Filter>src\Rosewood\Renderer\Camera</Filter>
    </ClCompile>
    <ClCompile Include="src\Rosewood\Renderer\Context\OpenGLContext.cpp">
      <Filter>src\Rosewood\Renderer\Context</Filter>
    </ClCompile>
    <ClCompile Include="src\Rosewood\Renderer\Mesh\Mesh.cpp">
      <Filter>src\Rosewood\Renderer\Mesh</Filter>
    </ClCompile>
    <ClCompile Include="src\Rosewood\Renderer\OpenGLRendererAPI.cpp">
      <Filter>src\Rosewood\Renderer</Filter>
    </ClCompile>
    <ClCompile Include="src\Rosewood\Renderer\RenderCommand.cpp">
      <Filter>src\Rosewood\Renderer</Filter>
    </ClCompile>
    <ClCompile Include="src\Rosewood\Renderer\Renderer.cpp">
      <Filter>src\Rosewood\Renderer</Filter>
    </ClCompile>
    <ClCompile Include="src\Rosewood\Renderer\RendererAPI.cpp">
      <Filter>src\Rosewood\Renderer</Filter>
    </ClCompile>
    <ClCompile Include="src\Rosewood\Renderer\Shader\OpenGLShader.cpp">
      <Filter>src\Rosewood\Renderer\Shader</Filter>
    </ClCompile>
    <ClCompile Include="src\Rosewood\Renderer\Shader\Shader.cpp">
      <Filter>src\Rosewood\Renderer\Shader</Filter>
    </ClCompile>
    <ClCompile Include="src\Rosewood\Renderer\Texture\OpenGLTexture.cpp">
      <Filter>src\Rosewood\Renderer\Texture</Filter>
    </ClCompile>
    <ClCompile Include="src\Rosewood\Renderer\Texture\Texture.cpp">
      <Filter>src\Rosewood\Renderer\Texture</Filter>
    </ClCompile>
    <ClCompile Include="src\Rosewood\Renderer\VertexArray\OpenGLVertexArray.cpp">
      <Filter>src\Rosewood\Renderer\VertexArray</Filter>
    </ClCompile>
    <ClCompile Include="src\Rosewood\Renderer\VertexArray\VertexArray.cpp">
      <Filter>src\Rosewood\Renderer\VertexArray</Filter>
    </ClCompile>
    <ClCompile Include="src\Rosewood\Scene\Transform\Transform.cpp">
      <Filter>src\Rosewood\Scene\Transform</Filter>
    </ClCompile>
    <ClCompile Include="src\Rosewood\Window\WindowsWindow.cpp">
      <Filter>src\Rosewood\Window</Filter>
    </ClCompile>
    <ClCompile Include="src\rwpch.cpp">
      <Filter>src</Filter>
    </ClCompile>
    <ClCompile Include="vendor\stb_image\stb_image.cpp">
      <Filter>vendor\stb_image</Filter>
    </ClCompile>
    <ClCompile Include="src\Rosewood\Scene\Scene.cpp" />
    <ClCompile Include="src\Rosewood\Renderer\Batch\Batch.cpp" />
    <ClCompile Include="src\Rosewood\Renderer\Material\Material.cpp" />
  </ItemGroup>
</Project>