<?xml version="1.0" encoding="utf-8"?>
<Project ToolsVersion="4.0" xmlns="http://schemas.microsoft.com/developer/msbuild/2003">
  <ItemGroup>
    <Filter Include="Rosewood">
      <UniqueIdentifier>{F7E4F19C-E3B1-4CA8-0CCB-3A50F8F68136}</UniqueIdentifier>
    </Filter>
    <Filter Include="Rosewood\Events">
      <UniqueIdentifier>{FB7463E4-6700-D1A8-7011-549DDC1B2DA9}</UniqueIdentifier>
    </Filter>
    <Filter Include="Rosewood\Log">
      <UniqueIdentifier>{48A0D4DC-3403-6481-DD88-9C37C9CA2F04}</UniqueIdentifier>
    </Filter>
    <Filter Include="Rosewood\Window">
      <UniqueIdentifier>{FED5790D-6A61-E7D1-7372-6AC6DF7C43D2}</UniqueIdentifier>
    </Filter>
  </ItemGroup>
  <ItemGroup>
    <ClInclude Include="src\Rosewood.h" />
    <ClInclude Include="src\Rosewood\Application.h">
      <Filter>Rosewood</Filter>
    </ClInclude>
    <ClInclude Include="src\Rosewood\Core.h">
      <Filter>Rosewood</Filter>
    </ClInclude>
    <ClInclude Include="src\Rosewood\Entrypoint.h">
      <Filter>Rosewood</Filter>
    </ClInclude>
    <ClInclude Include="src\Rosewood\Events\ApplicationEvent.h">
      <Filter>Rosewood\Events</Filter>
    </ClInclude>
    <ClInclude Include="src\Rosewood\Events\Event.h">
      <Filter>Rosewood\Events</Filter>
    </ClInclude>
    <ClInclude Include="src\Rosewood\Events\KeyEvent.h">
      <Filter>Rosewood\Events</Filter>
    </ClInclude>
    <ClInclude Include="src\Rosewood\Events\MouseEvent.h">
      <Filter>Rosewood\Events</Filter>
    </ClInclude>
    <ClInclude Include="src\Rosewood\Log\Log.h">
      <Filter>Rosewood\Log</Filter>
    </ClInclude>
    <ClInclude Include="src\Rosewood\Window\Window.h">
      <Filter>Rosewood\Window</Filter>
    </ClInclude>
    <ClInclude Include="src\Rosewood\Window\WindowsWindow.h">
      <Filter>Rosewood\Window</Filter>
    </ClInclude>
    <ClInclude Include="src\rwpch.h" />
  </ItemGroup>
  <ItemGroup>
    <ClCompile Include="src\Rosewood\Application.cpp">
      <Filter>Rosewood</Filter>
    </ClCompile>
    <ClCompile Include="src\Rosewood\Log\Log.cpp">
      <Filter>Rosewood\Log</Filter>
    </ClCompile>
    <ClCompile Include="src\Rosewood\Window\WindowsWindow.cpp">
      <Filter>Rosewood\Window</Filter>
    </ClCompile>
    <ClCompile Include="src\rwpch.cpp" />
  </ItemGroup>
</Project>