
Microsoft Visual Studio Solution File, Format Version 12.00
# Visual Studio Version 17
VisualStudioVersion = 17.9.34622.214
MinimumVisualStudioVersion = 10.0.40219.1
Project("{8BC9CEB8-8B4A-11D0-8D11-00A0C91BC942}") = "Sandbox", "Sandbox\Sandbox.vcxproj", "{84EA021B-A127-4316-B767-C882472B410F}"
EndProject
Project("{8BC9CEB8-8B4A-11D0-8D11-00A0C91BC942}") = "Rosewood", "Rosewood\Rosewood.vcxproj", "{A519FFAF-6947-43D3-896A-1E100C9784EF}"
EndProject
Global
	GlobalSection(SolutionConfigurationPlatforms) = preSolution
		Debug|x64 = Debug|x64
		Release|x64 = Release|x64
	EndGlobalSection
	GlobalSection(ProjectConfigurationPlatforms) = postSolution
		{A519FFAF-6947-43D3-896A-1E100C9784EF}.Debug|x64.ActiveCfg = Debug|x64
		{A519FFAF-6947-43D3-896A-1E100C9784EF}.Debug|x64.Build.0 = Debug|x64
		{A519FFAF-6947-43D3-896A-1E100C9784EF}.Release|x64.ActiveCfg = Release|x64
		{A519FFAF-6947-43D3-896A-1E100C9784EF}.Release|x64.Build.0 = Release|x64
		{84EA021B-A127-4316-B767-C882472B410F}.Debug|x64.ActiveCfg = Debug|x64
		{84EA021B-A127-4316-B767-C882472B410F}.Debug|x64.Build.0 = Debug|x64
		{84EA021B-A127-4316-B767-C882472B410F}.Release|x64.ActiveCfg = Release|x64
		{84EA021B-A127-4316-B767-C882472B410F}.Release|x64.Build.0 = Release|x64
	EndGlobalSection
	GlobalSection(SolutionProperties) = preSolution
		HideSolutionNode = FALSE
	EndGlobalSection
	GlobalSection(ExtensibilityGlobals) = postSolution
		SolutionGuid = {7ACD8CE9-056B-4873-9C11-313155DCA984}
	EndGlobalSection
EndGlobal
